// !$*UTF8*$!
{
	archiveVersion = 1;
	classes = {
	};
	objectVersion = 56;
	objects = {

/* Begin PBXBuildFile section */
		2A9484F82A9F862100BEA819 /* AppDelegate.swift in Sources */ = {isa = PBXBuildFile; fileRef = 2A9484F72A9F862100BEA819 /* AppDelegate.swift */; };
		2A9484FA2A9F862100BEA819 /* SceneDelegate.swift in Sources */ = {isa = PBXBuildFile; fileRef = 2A9484F92A9F862100BEA819 /* SceneDelegate.swift */; };
		2A9484FC2A9F862100BEA819 /* ViewController.swift in Sources */ = {isa = PBXBuildFile; fileRef = 2A9484FB2A9F862100BEA819 /* ViewController.swift */; };
		2A9484FF2A9F862100BEA819 /* Main.storyboard in Resources */ = {isa = PBXBuildFile; fileRef = 2A9484FD2A9F862100BEA819 /* Main.storyboard */; };
		2A9485012A9F862300BEA819 /* Assets.xcassets in Resources */ = {isa = PBXBuildFile; fileRef = 2A9485002A9F862300BEA819 /* Assets.xcassets */; };
		2A9485042A9F862300BEA819 /* LaunchScreen.storyboard in Resources */ = {isa = PBXBuildFile; fileRef = 2A9485022A9F862300BEA819 /* LaunchScreen.storyboard */; };
		2A94850D2A9F866F00BEA819 /* SnapKit in Frameworks */ = {isa = PBXBuildFile; productRef = 2A94850C2A9F866F00BEA819 /* SnapKit */; };
		2A94850F2AA2268B00BEA819 /* ApiManager.swift in Sources */ = {isa = PBXBuildFile; fileRef = 2A94850E2AA2268B00BEA819 /* ApiManager.swift */; };
		2A9485112AA2298800BEA819 /* WeatherModel.swift in Sources */ = {isa = PBXBuildFile; fileRef = 2A9485102AA2298800BEA819 /* WeatherModel.swift */; };
		2AAC33DA2AAC85CF002C708A /* VK in Frameworks */ = {isa = PBXBuildFile; productRef = 2AAC33D92AAC85CF002C708A /* VK */; };
		2AAC33DC2AAC8FC2002C708A /* AuthViewController.swift in Sources */ = {isa = PBXBuildFile; fileRef = 2AAC33DB2AAC8FC2002C708A /* AuthViewController.swift */; };
		2AC4106E2AA399E900077082 /* Comfortaa.ttf in Resources */ = {isa = PBXBuildFile; fileRef = 2AC4106D2AA399E900077082 /* Comfortaa.ttf */; };
/* End PBXBuildFile section */

/* Begin PBXFileReference section */
		2A9484F42A9F862100BEA819 /* Погода.app */ = {isa = PBXFileReference; explicitFileType = wrapper.application; includeInIndex = 0; path = "Погода.app"; sourceTree = BUILT_PRODUCTS_DIR; };
		2A9484F72A9F862100BEA819 /* AppDelegate.swift */ = {isa = PBXFileReference; lastKnownFileType = sourcecode.swift; path = AppDelegate.swift; sourceTree = "<group>"; };
		2A9484F92A9F862100BEA819 /* SceneDelegate.swift */ = {isa = PBXFileReference; lastKnownFileType = sourcecode.swift; path = SceneDelegate.swift; sourceTree = "<group>"; };
		2A9484FB2A9F862100BEA819 /* ViewController.swift */ = {isa = PBXFileReference; lastKnownFileType = sourcecode.swift; path = ViewController.swift; sourceTree = "<group>"; };
		2A9484FE2A9F862100BEA819 /* Base */ = {isa = PBXFileReference; lastKnownFileType = file.storyboard; name = Base; path = Base.lproj/Main.storyboard; sourceTree = "<group>"; };
		2A9485002A9F862300BEA819 /* Assets.xcassets */ = {isa = PBXFileReference; lastKnownFileType = folder.assetcatalog; path = Assets.xcassets; sourceTree = "<group>"; };
		2A9485032A9F862300BEA819 /* Base */ = {isa = PBXFileReference; lastKnownFileType = file.storyboard; name = Base; path = Base.lproj/LaunchScreen.storyboard; sourceTree = "<group>"; };
		2A9485052A9F862300BEA819 /* Info.plist */ = {isa = PBXFileReference; lastKnownFileType = text.plist.xml; path = Info.plist; sourceTree = "<group>"; };
		2A94850E2AA2268B00BEA819 /* ApiManager.swift */ = {isa = PBXFileReference; lastKnownFileType = sourcecode.swift; path = ApiManager.swift; sourceTree = "<group>"; };
		2A9485102AA2298800BEA819 /* WeatherModel.swift */ = {isa = PBXFileReference; lastKnownFileType = sourcecode.swift; path = WeatherModel.swift; sourceTree = "<group>"; };
		2AAC33DB2AAC8FC2002C708A /* AuthViewController.swift */ = {isa = PBXFileReference; lastKnownFileType = sourcecode.swift; path = AuthViewController.swift; sourceTree = "<group>"; };
		2AC4106D2AA399E900077082 /* Comfortaa.ttf */ = {isa = PBXFileReference; lastKnownFileType = file; path = Comfortaa.ttf; sourceTree = "<group>"; };
		2AC4106F2AA39D2900077082 /* Comfortaa-Bold.ttf */ = {isa = PBXFileReference; lastKnownFileType = file; path = "Comfortaa-Bold.ttf"; sourceTree = "<group>"; };
/* End PBXFileReference section */

/* Begin PBXFrameworksBuildPhase section */
		2A9484F12A9F862100BEA819 /* Frameworks */ = {
			isa = PBXFrameworksBuildPhase;
			buildActionMask = 2147483647;
			files = (
				2A94850D2A9F866F00BEA819 /* SnapKit in Frameworks */,
				2AAC33DA2AAC85CF002C708A /* VK in Frameworks */,
			);
			runOnlyForDeploymentPostprocessing = 0;
		};
/* End PBXFrameworksBuildPhase section */

/* Begin PBXGroup section */
		2A9484EB2A9F862100BEA819 = {
			isa = PBXGroup;
			children = (
				2A9484F62A9F862100BEA819 /* Погода */,
				2A9484F52A9F862100BEA819 /* Products */,
			);
			sourceTree = "<group>";
		};
		2A9484F52A9F862100BEA819 /* Products */ = {
			isa = PBXGroup;
			children = (
				2A9484F42A9F862100BEA819 /* Погода.app */,
			);
			name = Products;
			sourceTree = "<group>";
		};
		2A9484F62A9F862100BEA819 /* Погода */ = {
			isa = PBXGroup;
			children = (
				2AC4106D2AA399E900077082 /* Comfortaa.ttf */,
				2AC4106F2AA39D2900077082 /* Comfortaa-Bold.ttf */,
				2A9484F72A9F862100BEA819 /* AppDelegate.swift */,
				2A9484F92A9F862100BEA819 /* SceneDelegate.swift */,
				2A9484FB2A9F862100BEA819 /* ViewController.swift */,
				2AAC33DB2AAC8FC2002C708A /* AuthViewController.swift */,
				2A94850E2AA2268B00BEA819 /* ApiManager.swift */,
				2A9485102AA2298800BEA819 /* WeatherModel.swift */,
				2A9484FD2A9F862100BEA819 /* Main.storyboard */,
				2A9485002A9F862300BEA819 /* Assets.xcassets */,
				2A9485022A9F862300BEA819 /* LaunchScreen.storyboard */,
				2A9485052A9F862300BEA819 /* Info.plist */,
			);
			path = "Погода";
			sourceTree = "<group>";
		};
/* End PBXGroup section */

/* Begin PBXNativeTarget section */
		2A9484F32A9F862100BEA819 /* Погода */ = {
			isa = PBXNativeTarget;
			buildConfigurationList = 2A9485082A9F862300BEA819 /* Build configuration list for PBXNativeTarget "Погода" */;
			buildPhases = (
				2A9484F02A9F862100BEA819 /* Sources */,
				2A9484F12A9F862100BEA819 /* Frameworks */,
				2A9484F22A9F862100BEA819 /* Resources */,
			);
			buildRules = (
			);
			dependencies = (
			);
			name = "Погода";
			packageProductDependencies = (
				2A94850C2A9F866F00BEA819 /* SnapKit */,
				2AAC33D92AAC85CF002C708A /* VK */,
			);
			productName = "Погода";
			productReference = 2A9484F42A9F862100BEA819 /* Погода.app */;
			productType = "com.apple.product-type.application";
		};
/* End PBXNativeTarget section */

/* Begin PBXProject section */
		2A9484EC2A9F862100BEA819 /* Project object */ = {
			isa = PBXProject;
			attributes = {
				BuildIndependentTargetsInParallel = 1;
				LastSwiftUpdateCheck = 1430;
				LastUpgradeCheck = 1430;
				TargetAttributes = {
					2A9484F32A9F862100BEA819 = {
						CreatedOnToolsVersion = 14.3.1;
					};
				};
			};
			buildConfigurationList = 2A9484EF2A9F862100BEA819 /* Build configuration list for PBXProject "Погода" */;
			compatibilityVersion = "Xcode 14.0";
			developmentRegion = en;
			hasScannedForEncodings = 0;
			knownRegions = (
				en,
				Base,
			);
			mainGroup = 2A9484EB2A9F862100BEA819;
			packageReferences = (
				2A94850B2A9F866F00BEA819 /* XCRemoteSwiftPackageReference "SnapKit" */,
				2AAC33D82AAC85CF002C708A /* XCRemoteSwiftPackageReference "VKSDK-iOS" */,
			);
			productRefGroup = 2A9484F52A9F862100BEA819 /* Products */;
			projectDirPath = "";
			projectRoot = "";
			targets = (
				2A9484F32A9F862100BEA819 /* Погода */,
			);
		};
/* End PBXProject section */

/* Begin PBXResourcesBuildPhase section */
		2A9484F22A9F862100BEA819 /* Resources */ = {
			isa = PBXResourcesBuildPhase;
			buildActionMask = 2147483647;
			files = (
				2A9485042A9F862300BEA819 /* LaunchScreen.storyboard in Resources */,
				2A9485012A9F862300BEA819 /* Assets.xcassets in Resources */,
				2AC4106E2AA399E900077082 /* Comfortaa.ttf in Resources */,
				2A9484FF2A9F862100BEA819 /* Main.storyboard in Resources */,
			);
			runOnlyForDeploymentPostprocessing = 0;
		};
/* End PBXResourcesBuildPhase section */

/* Begin PBXSourcesBuildPhase section */
		2A9484F02A9F862100BEA819 /* Sources */ = {
			isa = PBXSourcesBuildPhase;
			buildActionMask = 2147483647;
			files = (
				2A94850F2AA2268B00BEA819 /* ApiManager.swift in Sources */,
				2A9484FC2A9F862100BEA819 /* ViewController.swift in Sources */,
				2A9484F82A9F862100BEA819 /* AppDelegate.swift in Sources */,
				2A9484FA2A9F862100BEA819 /* SceneDelegate.swift in Sources */,
				2AAC33DC2AAC8FC2002C708A /* AuthViewController.swift in Sources */,
				2A9485112AA2298800BEA819 /* WeatherModel.swift in Sources */,
			);
			runOnlyForDeploymentPostprocessing = 0;
		};
/* End PBXSourcesBuildPhase section */

/* Begin PBXVariantGroup section */
		2A9484FD2A9F862100BEA819 /* Main.storyboard */ = {
			isa = PBXVariantGroup;
			children = (
				2A9484FE2A9F862100BEA819 /* Base */,
			);
			name = Main.storyboard;
			sourceTree = "<group>";
		};
		2A9485022A9F862300BEA819 /* LaunchScreen.storyboard */ = {
			isa = PBXVariantGroup;
			children = (
				2A9485032A9F862300BEA819 /* Base */,
			);
			name = LaunchScreen.storyboard;
			sourceTree = "<group>";
		};
/* End PBXVariantGroup section */

/* Begin XCBuildConfiguration section */
		2A9485062A9F862300BEA819 /* Debug */ = {
			isa = XCBuildConfiguration;
			buildSettings = {
				ALWAYS_SEARCH_USER_PATHS = NO;
				CLANG_ANALYZER_NONNULL = YES;
				CLANG_ANALYZER_NUMBER_OBJECT_CONVERSION = YES_AGGRESSIVE;
				CLANG_CXX_LANGUAGE_STANDARD = "gnu++20";
				CLANG_ENABLE_MODULES = YES;
				CLANG_ENABLE_OBJC_ARC = YES;
				CLANG_ENABLE_OBJC_WEAK = YES;
				CLANG_WARN_BLOCK_CAPTURE_AUTORELEASING = YES;
				CLANG_WARN_BOOL_CONVERSION = YES;
				CLANG_WARN_COMMA = YES;
				CLANG_WARN_CONSTANT_CONVERSION = YES;
				CLANG_WARN_DEPRECATED_OBJC_IMPLEMENTATIONS = YES;
				CLANG_WARN_DIRECT_OBJC_ISA_USAGE = YES_ERROR;
				CLANG_WARN_DOCUMENTATION_COMMENTS = YES;
				CLANG_WARN_EMPTY_BODY = YES;
				CLANG_WARN_ENUM_CONVERSION = YES;
				CLANG_WARN_INFINITE_RECURSION = YES;
				CLANG_WARN_INT_CONVERSION = YES;
				CLANG_WARN_NON_LITERAL_NULL_CONVERSION = YES;
				CLANG_WARN_OBJC_IMPLICIT_RETAIN_SELF = YES;
				CLANG_WARN_OBJC_LITERAL_CONVERSION = YES;
				CLANG_WARN_OBJC_ROOT_CLASS = YES_ERROR;
				CLANG_WARN_QUOTED_INCLUDE_IN_FRAMEWORK_HEADER = YES;
				CLANG_WARN_RANGE_LOOP_ANALYSIS = YES;
				CLANG_WARN_STRICT_PROTOTYPES = YES;
				CLANG_WARN_SUSPICIOUS_MOVE = YES;
				CLANG_WARN_UNGUARDED_AVAILABILITY = YES_AGGRESSIVE;
				CLANG_WARN_UNREACHABLE_CODE = YES;
				CLANG_WARN__DUPLICATE_METHOD_MATCH = YES;
				COPY_PHASE_STRIP = NO;
				DEBUG_INFORMATION_FORMAT = dwarf;
				ENABLE_STRICT_OBJC_MSGSEND = YES;
				ENABLE_TESTABILITY = YES;
				GCC_C_LANGUAGE_STANDARD = gnu11;
				GCC_DYNAMIC_NO_PIC = NO;
				GCC_NO_COMMON_BLOCKS = YES;
				GCC_OPTIMIZATION_LEVEL = 0;
				GCC_PREPROCESSOR_DEFINITIONS = (
					"DEBUG=1",
					"$(inherited)",
				);
				GCC_WARN_64_TO_32_BIT_CONVERSION = YES;
				GCC_WARN_ABOUT_RETURN_TYPE = YES_ERROR;
				GCC_WARN_UNDECLARED_SELECTOR = YES;
				GCC_WARN_UNINITIALIZED_AUTOS = YES_AGGRESSIVE;
				GCC_WARN_UNUSED_FUNCTION = YES;
				GCC_WARN_UNUSED_VARIABLE = YES;
				IPHONEOS_DEPLOYMENT_TARGET = 16.4;
				MTL_ENABLE_DEBUG_INFO = INCLUDE_SOURCE;
				MTL_FAST_MATH = YES;
				ONLY_ACTIVE_ARCH = YES;
				SDKROOT = iphoneos;
				SWIFT_ACTIVE_COMPILATION_CONDITIONS = DEBUG;
				SWIFT_OPTIMIZATION_LEVEL = "-Onone";
			};
			name = Debug;
		};
		2A9485072A9F862300BEA819 /* Release */ = {
			isa = XCBuildConfiguration;
			buildSettings = {
				ALWAYS_SEARCH_USER_PATHS = NO;
				CLANG_ANALYZER_NONNULL = YES;
				CLANG_ANALYZER_NUMBER_OBJECT_CONVERSION = YES_AGGRESSIVE;
				CLANG_CXX_LANGUAGE_STANDARD = "gnu++20";
				CLANG_ENABLE_MODULES = YES;
				CLANG_ENABLE_OBJC_ARC = YES;
				CLANG_ENABLE_OBJC_WEAK = YES;
				CLANG_WARN_BLOCK_CAPTURE_AUTORELEASING = YES;
				CLANG_WARN_BOOL_CONVERSION = YES;
				CLANG_WARN_COMMA = YES;
				CLANG_WARN_CONSTANT_CONVERSION = YES;
				CLANG_WARN_DEPRECATED_OBJC_IMPLEMENTATIONS = YES;
				CLANG_WARN_DIRECT_OBJC_ISA_USAGE = YES_ERROR;
				CLANG_WARN_DOCUMENTATION_COMMENTS = YES;
				CLANG_WARN_EMPTY_BODY = YES;
				CLANG_WARN_ENUM_CONVERSION = YES;
				CLANG_WARN_INFINITE_RECURSION = YES;
				CLANG_WARN_INT_CONVERSION = YES;
				CLANG_WARN_NON_LITERAL_NULL_CONVERSION = YES;
				CLANG_WARN_OBJC_IMPLICIT_RETAIN_SELF = YES;
				CLANG_WARN_OBJC_LITERAL_CONVERSION = YES;
				CLANG_WARN_OBJC_ROOT_CLASS = YES_ERROR;
				CLANG_WARN_QUOTED_INCLUDE_IN_FRAMEWORK_HEADER = YES;
				CLANG_WARN_RANGE_LOOP_ANALYSIS = YES;
				CLANG_WARN_STRICT_PROTOTYPES = YES;
				CLANG_WARN_SUSPICIOUS_MOVE = YES;
				CLANG_WARN_UNGUARDED_AVAILABILITY = YES_AGGRESSIVE;
				CLANG_WARN_UNREACHABLE_CODE = YES;
				CLANG_WARN__DUPLICATE_METHOD_MATCH = YES;
				COPY_PHASE_STRIP = NO;
				DEBUG_INFORMATION_FORMAT = "dwarf-with-dsym";
				ENABLE_NS_ASSERTIONS = NO;
				ENABLE_STRICT_OBJC_MSGSEND = YES;
				GCC_C_LANGUAGE_STANDARD = gnu11;
				GCC_NO_COMMON_BLOCKS = YES;
				GCC_WARN_64_TO_32_BIT_CONVERSION = YES;
				GCC_WARN_ABOUT_RETURN_TYPE = YES_ERROR;
				GCC_WARN_UNDECLARED_SELECTOR = YES;
				GCC_WARN_UNINITIALIZED_AUTOS = YES_AGGRESSIVE;
				GCC_WARN_UNUSED_FUNCTION = YES;
				GCC_WARN_UNUSED_VARIABLE = YES;
				IPHONEOS_DEPLOYMENT_TARGET = 16.4;
				MTL_ENABLE_DEBUG_INFO = NO;
				MTL_FAST_MATH = YES;
				SDKROOT = iphoneos;
				SWIFT_COMPILATION_MODE = wholemodule;
				SWIFT_OPTIMIZATION_LEVEL = "-O";
				VALIDATE_PRODUCT = YES;
			};
			name = Release;
		};
		2A9485092A9F862300BEA819 /* Debug */ = {
			isa = XCBuildConfiguration;
			buildSettings = {
				ASSETCATALOG_COMPILER_APPICON_NAME = AppIcon;
				ASSETCATALOG_COMPILER_GLOBAL_ACCENT_COLOR_NAME = AccentColor;
				CODE_SIGN_STYLE = Automatic;
				CURRENT_PROJECT_VERSION = 1;
				DEVELOPMENT_TEAM = 6262Y5Z3M2;
				GENERATE_INFOPLIST_FILE = YES;
				INFOPLIST_FILE = "Погода/Info.plist";
				INFOPLIST_KEY_UIApplicationSupportsIndirectInputEvents = YES;
				INFOPLIST_KEY_UILaunchStoryboardName = LaunchScreen;
				INFOPLIST_KEY_UIMainStoryboardFile = Main;
				INFOPLIST_KEY_UISupportedInterfaceOrientations_iPad = "UIInterfaceOrientationPortrait UIInterfaceOrientationPortraitUpsideDown UIInterfaceOrientationLandscapeLeft UIInterfaceOrientationLandscapeRight";
				INFOPLIST_KEY_UISupportedInterfaceOrientations_iPhone = "UIInterfaceOrientationPortrait UIInterfaceOrientationLandscapeLeft UIInterfaceOrientationLandscapeRight";
				IPHONEOS_DEPLOYMENT_TARGET = 15.6;
				LD_RUNPATH_SEARCH_PATHS = (
					"$(inherited)",
					"@executable_path/Frameworks",
				);
				MARKETING_VERSION = 1.0;
				PRODUCT_BUNDLE_IDENTIFIER = "-23.------";
				PRODUCT_NAME = "$(TARGET_NAME)";
				SWIFT_EMIT_LOC_STRINGS = YES;
				SWIFT_VERSION = 5.0;
				TARGETED_DEVICE_FAMILY = "1,2";
			};
			name = Debug;
		};
		2A94850A2A9F862300BEA819 /* Release */ = {
			isa = XCBuildConfiguration;
			buildSettings = {
				ASSETCATALOG_COMPILER_APPICON_NAME = AppIcon;
				ASSETCATALOG_COMPILER_GLOBAL_ACCENT_COLOR_NAME = AccentColor;
				CODE_SIGN_STYLE = Automatic;
				CURRENT_PROJECT_VERSION = 1;
				DEVELOPMENT_TEAM = 6262Y5Z3M2;
				GENERATE_INFOPLIST_FILE = YES;
				INFOPLIST_FILE = "Погода/Info.plist";
				INFOPLIST_KEY_UIApplicationSupportsIndirectInputEvents = YES;
				INFOPLIST_KEY_UILaunchStoryboardName = LaunchScreen;
				INFOPLIST_KEY_UIMainStoryboardFile = Main;
				INFOPLIST_KEY_UISupportedInterfaceOrientations_iPad = "UIInterfaceOrientationPortrait UIInterfaceOrientationPortraitUpsideDown UIInterfaceOrientationLandscapeLeft UIInterfaceOrientationLandscapeRight";
				INFOPLIST_KEY_UISupportedInterfaceOrientations_iPhone = "UIInterfaceOrientationPortrait UIInterfaceOrientationLandscapeLeft UIInterfaceOrientationLandscapeRight";
				IPHONEOS_DEPLOYMENT_TARGET = 15.6;
				LD_RUNPATH_SEARCH_PATHS = (
					"$(inherited)",
					"@executable_path/Frameworks",
				);
				MARKETING_VERSION = 1.0;
				PRODUCT_BUNDLE_IDENTIFIER = "-23.------";
				PRODUCT_NAME = "$(TARGET_NAME)";
				SWIFT_EMIT_LOC_STRINGS = YES;
				SWIFT_VERSION = 5.0;
				TARGETED_DEVICE_FAMILY = "1,2";
			};
			name = Release;
		};
/* End XCBuildConfiguration section */

/* Begin XCConfigurationList section */
		2A9484EF2A9F862100BEA819 /* Build configuration list for PBXProject "Погода" */ = {
			isa = XCConfigurationList;
			buildConfigurations = (
				2A9485062A9F862300BEA819 /* Debug */,
				2A9485072A9F862300BEA819 /* Release */,
			);
			defaultConfigurationIsVisible = 0;
			defaultConfigurationName = Release;
		};
		2A9485082A9F862300BEA819 /* Build configuration list for PBXNativeTarget "Погода" */ = {
			isa = XCConfigurationList;
			buildConfigurations = (
				2A9485092A9F862300BEA819 /* Debug */,
				2A94850A2A9F862300BEA819 /* Release */,
			);
			defaultConfigurationIsVisible = 0;
			defaultConfigurationName = Release;
		};
/* End XCConfigurationList section */

/* Begin XCRemoteSwiftPackageReference section */
		2A94850B2A9F866F00BEA819 /* XCRemoteSwiftPackageReference "SnapKit" */ = {
			isa = XCRemoteSwiftPackageReference;
			repositoryURL = "https://github.com/SnapKit/SnapKit.git";
			requirement = {
				kind = upToNextMajorVersion;
				minimumVersion = 5.0.0;
			};
		};
		2AAC33D82AAC85CF002C708A /* XCRemoteSwiftPackageReference "VKSDK-iOS" */ = {
			isa = XCRemoteSwiftPackageReference;
			repositoryURL = "https://github.com/VKCOM/VKSDK-iOS.git";
			requirement = {
				kind = upToNextMajorVersion;
				minimumVersion = 0.104.0;
			};
		};
/* End XCRemoteSwiftPackageReference section */

/* Begin XCSwiftPackageProductDependency section */
		2A94850C2A9F866F00BEA819 /* SnapKit */ = {
			isa = XCSwiftPackageProductDependency;
			package = 2A94850B2A9F866F00BEA819 /* XCRemoteSwiftPackageReference "SnapKit" */;
			productName = SnapKit;
		};
		2AAC33D92AAC85CF002C708A /* VK */ = {
			isa = XCSwiftPackageProductDependency;
			package = 2AAC33D82AAC85CF002C708A /* XCRemoteSwiftPackageReference "VKSDK-iOS" */;
			productName = VK;
		};
/* End XCSwiftPackageProductDependency section */
	};
	rootObject = 2A9484EC2A9F862100BEA819 /* Project object */;
}
