{
  "pins" : [
    {
      "identity" : "snapkit",
      "kind" : "remoteSourceControl",
      "location" : "https://github.com/SnapKit/SnapKit.git",
      "state" : {
        "revision" : "f222cbdf325885926566172f6f5f06af95473158",
        "version" : "5.6.0"
      }
    },
    {
      "identity" : "vksdk-ios",
      "kind" : "remoteSourceControl",
      "location" : "https://github.com/VKCOM/VKSDK-iOS.git",
      "state" : {
        "revision" : "1ca88dc650280129d97498588ff39fe17a1f1cb5",
        "version" : "0.104.0"
      }
    }
  ],
  "version" : 2
}
